
Microsoft Visual Studio Solution File, Format Version 12.00
# Visual Studio 15
VisualStudioVersion = 15.0.27130.2026
MinimumVisualStudioVersion = 10.0.40219.1
Project("{FAE04EC0-301F-11D3-BF4B-00C04F79EFBC}") = "CocoDisk", "CocoDisk\CocoDisk.csproj", "{90C4E9D0-54D8-4517-A4FE-024AA5E08737}"
EndProject
Global
	GlobalSection(SolutionConfigurationPlatforms) = preSolution
		Debug|Any CPU = Debug|Any CPU
		Release|Any CPU = Release|Any CPU
	EndGlobalSection
	GlobalSection(ProjectConfigurationPlatforms) = postSolution
		{90C4E9D0-54D8-4517-A4FE-024AA5E08737}.Debug|Any CPU.ActiveCfg = Debug|Any CPU
		{90C4E9D0-54D8-4517-A4FE-024AA5E08737}.Debug|Any CPU.Build.0 = Debug|Any CPU
		{90C4E9D0-54D8-4517-A4FE-024AA5E08737}.Release|Any CPU.ActiveCfg = Release|Any CPU
		{90C4E9D0-54D8-4517-A4FE-024AA5E08737}.Release|Any CPU.Build.0 = Release|Any CPU
	EndGlobalSection
	GlobalSection(SolutionProperties) = preSolution
		HideSolutionNode = FALSE
	EndGlobalSection
	GlobalSection(ExtensibilityGlobals) = postSolution
		SolutionGuid = {FCBDB3A5-EA22-4A06-994D-2929FE35364F}
	EndGlobalSection
EndGlobal
